
Microsoft Visual Studio Solution File, Format Version 12.00
Project("{FAE04EC0-301F-11D3-BF4B-00C04F79EFBC}") = "Katas", "Katas\Katas.csproj", "{70144707-CDDD-4059-9D56-23792BBEF62E}"
EndProject
Project("{FAE04EC0-301F-11D3-BF4B-00C04F79EFBC}") = "Katas.Test", "Katas.Test\Katas.Test.csproj", "{C9B136E6-4448-4A9A-AFD1-AD19D7685667}"
EndProject
Global
	GlobalSection(SolutionConfigurationPlatforms) = preSolution
		Debug|Any CPU = Debug|Any CPU
		Release|Any CPU = Release|Any CPU
	EndGlobalSection
	GlobalSection(ProjectConfigurationPlatforms) = postSolution
		{70144707-CDDD-4059-9D56-23792BBEF62E}.Debug|Any CPU.ActiveCfg = Debug|Any CPU
		{70144707-CDDD-4059-9D56-23792BBEF62E}.Debug|Any CPU.Build.0 = Debug|Any CPU
		{70144707-CDDD-4059-9D56-23792BBEF62E}.Release|Any CPU.ActiveCfg = Release|Any CPU
		{70144707-CDDD-4059-9D56-23792BBEF62E}.Release|Any CPU.Build.0 = Release|Any CPU
		{C9B136E6-4448-4A9A-AFD1-AD19D7685667}.Debug|Any CPU.ActiveCfg = Debug|Any CPU
		{C9B136E6-4448-4A9A-AFD1-AD19D7685667}.Debug|Any CPU.Build.0 = Debug|Any CPU
		{C9B136E6-4448-4A9A-AFD1-AD19D7685667}.Release|Any CPU.ActiveCfg = Release|Any CPU
		{C9B136E6-4448-4A9A-AFD1-AD19D7685667}.Release|Any CPU.Build.0 = Release|Any CPU
	EndGlobalSection
EndGlobal
